
Microsoft Visual Studio Solution File, Format Version 12.00
# Visual Studio 15
Project("{FAE04EC0-301F-11D3-BF4B-00C04F79EFBC}") = "Array_Max_Min", "Array_Max_Min\Array_Max_Min.csproj", "{0787877F-8112-4492-B26E-5D262D416F04}"
EndProject
Global
	GlobalSection(SolutionConfigurationPlatforms) = preSolution
		Debug|Any CPU = Debug|Any CPU
		Release|Any CPU = Release|Any CPU
	EndGlobalSection
	GlobalSection(ProjectConfigurationPlatforms) = postSolution
		{0787877F-8112-4492-B26E-5D262D416F04}.Debug|Any CPU.ActiveCfg = Debug|Any CPU
		{0787877F-8112-4492-B26E-5D262D416F04}.Debug|Any CPU.Build.0 = Debug|Any CPU
		{0787877F-8112-4492-B26E-5D262D416F04}.Release|Any CPU.ActiveCfg = Release|Any CPU
		{0787877F-8112-4492-B26E-5D262D416F04}.Release|Any CPU.Build.0 = Release|Any CPU
	EndGlobalSection
EndGlobal
